
Microsoft Visual Studio Solution File, Format Version 12.00
# Visual Studio 2012
Project("{FAE04EC0-301F-11D3-BF4B-00C04F79EFBC}") = "Test", "Test\Test.csproj", "{96042C25-2F77-4F3F-AD22-E51C52E825BA}"
EndProject
Global
	GlobalSection(SolutionConfigurationPlatforms) = preSolution
		Debug|Any CPU = Debug|Any CPU
		Release|Any CPU = Release|Any CPU
	EndGlobalSection
	GlobalSection(ProjectConfigurationPlatforms) = postSolution
		{96042C25-2F77-4F3F-AD22-E51C52E825BA}.Debug|Any CPU.ActiveCfg = Debug|Any CPU
		{96042C25-2F77-4F3F-AD22-E51C52E825BA}.Debug|Any CPU.Build.0 = Debug|Any CPU
		{96042C25-2F77-4F3F-AD22-E51C52E825BA}.Release|Any CPU.ActiveCfg = Release|Any CPU
		{96042C25-2F77-4F3F-AD22-E51C52E825BA}.Release|Any CPU.Build.0 = Release|Any CPU
	EndGlobalSection
	GlobalSection(SolutionProperties) = preSolution
		HideSolutionNode = FALSE
	EndGlobalSection
EndGlobal
